// !$*UTF8*$!
{
	archiveVersion = 1;
	classes = {
	};
	objectVersion = 46;
	objects = {

/* Begin PBXBuildFile section */
		18216E4F1CFE98CF007DBB60 /* AppDelegate.swift in Sources */ = {isa = PBXBuildFile; fileRef = 18216E4E1CFE98CF007DBB60 /* AppDelegate.swift */; };
		18216E511CFE98CF007DBB60 /* FirstViewController.swift in Sources */ = {isa = PBXBuildFile; fileRef = 18216E501CFE98CF007DBB60 /* FirstViewController.swift */; };
		18216E531CFE98CF007DBB60 /* SecondaryViewController.swift in Sources */ = {isa = PBXBuildFile; fileRef = 18216E521CFE98CF007DBB60 /* SecondaryViewController.swift */; };
		18216E561CFE98CF007DBB60 /* Main.storyboard in Resources */ = {isa = PBXBuildFile; fileRef = 18216E541CFE98CF007DBB60 /* Main.storyboard */; };
		18216E581CFE98CF007DBB60 /* Assets.xcassets in Resources */ = {isa = PBXBuildFile; fileRef = 18216E571CFE98CF007DBB60 /* Assets.xcassets */; };
		18216E5B1CFE98CF007DBB60 /* LaunchScreen.storyboard in Resources */ = {isa = PBXBuildFile; fileRef = 18216E591CFE98CF007DBB60 /* LaunchScreen.storyboard */; };
		18C8CEEB1CFEBD140065F216 /* Web.storyboard in Resources */ = {isa = PBXBuildFile; fileRef = 18C8CEEA1CFEBD140065F216 /* Web.storyboard */; };
		18C8CEED1CFEDF620065F216 /* WhatNotToDo1.storyboard in Resources */ = {isa = PBXBuildFile; fileRef = 18C8CEEC1CFEDF620065F216 /* WhatNotToDo1.storyboard */; };
		18C8CEEF1CFEDF6E0065F216 /* WhatNotToDo2.storyboard in Resources */ = {isa = PBXBuildFile; fileRef = 18C8CEEE1CFEDF6E0065F216 /* WhatNotToDo2.storyboard */; };
		18C8CEF11CFEED490065F216 /* PriorityExamples.storyboard in Resources */ = {isa = PBXBuildFile; fileRef = 18C8CEF01CFEED490065F216 /* PriorityExamples.storyboard */; };
		379ACFAA1F441AC9002208FB /* SizeClassesWithoutStackView.storyboard in Resources */ = {isa = PBXBuildFile; fileRef = 379ACFA91F441AC9002208FB /* SizeClassesWithoutStackView.storyboard */; };
		379ACFAC1F441B6E002208FB /* SizeClasses.storyboard in Resources */ = {isa = PBXBuildFile; fileRef = 379ACFAB1F441B6E002208FB /* SizeClasses.storyboard */; };
		379ACFAE1F441C4F002208FB /* StackViews.storyboard in Resources */ = {isa = PBXBuildFile; fileRef = 379ACFAD1F441C4F002208FB /* StackViews.storyboard */; };
		37D05E5C1F43E03D00A65369 /* WhatNotToDo3.storyboard in Resources */ = {isa = PBXBuildFile; fileRef = 37D05E5B1F43E03D00A65369 /* WhatNotToDo3.storyboard */; };
		37D05E5E1F43E8EE00A65369 /* WhatNotToDo3ViewController.swift in Sources */ = {isa = PBXBuildFile; fileRef = 37D05E5D1F43E8EE00A65369 /* WhatNotToDo3ViewController.swift */; };
/* End PBXBuildFile section */

/* Begin PBXFileReference section */
		18216E4B1CFE98CF007DBB60 /* AutolayoutSampleApp.app */ = {isa = PBXFileReference; explicitFileType = wrapper.application; includeInIndex = 0; path = AutolayoutSampleApp.app; sourceTree = BUILT_PRODUCTS_DIR; };
		18216E4E1CFE98CF007DBB60 /* AppDelegate.swift */ = {isa = PBXFileReference; lastKnownFileType = sourcecode.swift; path = AppDelegate.swift; sourceTree = "<group>"; };
		18216E501CFE98CF007DBB60 /* FirstViewController.swift */ = {isa = PBXFileReference; lastKnownFileType = sourcecode.swift; path = FirstViewController.swift; sourceTree = "<group>"; };
		18216E521CFE98CF007DBB60 /* SecondaryViewController.swift */ = {isa = PBXFileReference; lastKnownFileType = sourcecode.swift; path = SecondaryViewController.swift; sourceTree = "<group>"; };
		18216E551CFE98CF007DBB60 /* Base */ = {isa = PBXFileReference; lastKnownFileType = file.storyboard; name = Base; path = Base.lproj/Main.storyboard; sourceTree = "<group>"; };
		18216E571CFE98CF007DBB60 /* Assets.xcassets */ = {isa = PBXFileReference; lastKnownFileType = folder.assetcatalog; path = Assets.xcassets; sourceTree = "<group>"; };
		18216E5A1CFE98CF007DBB60 /* Base */ = {isa = PBXFileReference; lastKnownFileType = file.storyboard; name = Base; path = Base.lproj/LaunchScreen.storyboard; sourceTree = "<group>"; };
		18216E5C1CFE98CF007DBB60 /* Info.plist */ = {isa = PBXFileReference; lastKnownFileType = text.plist.xml; path = Info.plist; sourceTree = "<group>"; };
		18C8CEEA1CFEBD140065F216 /* Web.storyboard */ = {isa = PBXFileReference; fileEncoding = 4; lastKnownFileType = file.storyboard; path = Web.storyboard; sourceTree = "<group>"; };
		18C8CEEC1CFEDF620065F216 /* WhatNotToDo1.storyboard */ = {isa = PBXFileReference; fileEncoding = 4; lastKnownFileType = file.storyboard; path = WhatNotToDo1.storyboard; sourceTree = "<group>"; };
		18C8CEEE1CFEDF6E0065F216 /* WhatNotToDo2.storyboard */ = {isa = PBXFileReference; fileEncoding = 4; lastKnownFileType = file.storyboard; path = WhatNotToDo2.storyboard; sourceTree = "<group>"; };
		18C8CEF01CFEED490065F216 /* PriorityExamples.storyboard */ = {isa = PBXFileReference; fileEncoding = 4; lastKnownFileType = file.storyboard; path = PriorityExamples.storyboard; sourceTree = "<group>"; };
		379ACFA91F441AC9002208FB /* SizeClassesWithoutStackView.storyboard */ = {isa = PBXFileReference; lastKnownFileType = file.storyboard; path = SizeClassesWithoutStackView.storyboard; sourceTree = "<group>"; };
		379ACFAB1F441B6E002208FB /* SizeClasses.storyboard */ = {isa = PBXFileReference; lastKnownFileType = file.storyboard; path = SizeClasses.storyboard; sourceTree = "<group>"; };
		379ACFAD1F441C4F002208FB /* StackViews.storyboard */ = {isa = PBXFileReference; lastKnownFileType = file.storyboard; path = StackViews.storyboard; sourceTree = "<group>"; };
		37D05E5B1F43E03D00A65369 /* WhatNotToDo3.storyboard */ = {isa = PBXFileReference; lastKnownFileType = file.storyboard; path = WhatNotToDo3.storyboard; sourceTree = "<group>"; };
		37D05E5D1F43E8EE00A65369 /* WhatNotToDo3ViewController.swift */ = {isa = PBXFileReference; lastKnownFileType = sourcecode.swift; path = WhatNotToDo3ViewController.swift; sourceTree = "<group>"; };
/* End PBXFileReference section */

/* Begin PBXFrameworksBuildPhase section */
		18216E481CFE98CF007DBB60 /* Frameworks */ = {
			isa = PBXFrameworksBuildPhase;
			buildActionMask = 2147483647;
			files = (
			);
			runOnlyForDeploymentPostprocessing = 0;
		};
/* End PBXFrameworksBuildPhase section */

/* Begin PBXGroup section */
		18216E421CFE98CF007DBB60 = {
			isa = PBXGroup;
			children = (
				18216E4D1CFE98CF007DBB60 /* AutolayoutSampleApp */,
				18216E4C1CFE98CF007DBB60 /* Products */,
			);
			sourceTree = "<group>";
		};
		18216E4C1CFE98CF007DBB60 /* Products */ = {
			isa = PBXGroup;
			children = (
				18216E4B1CFE98CF007DBB60 /* AutolayoutSampleApp.app */,
			);
			name = Products;
			sourceTree = "<group>";
		};
		18216E4D1CFE98CF007DBB60 /* AutolayoutSampleApp */ = {
			isa = PBXGroup;
			children = (
				18216E4E1CFE98CF007DBB60 /* AppDelegate.swift */,
				18216E501CFE98CF007DBB60 /* FirstViewController.swift */,
				18216E521CFE98CF007DBB60 /* SecondaryViewController.swift */,
				18216E591CFE98CF007DBB60 /* LaunchScreen.storyboard */,
				18216E541CFE98CF007DBB60 /* Main.storyboard */,
				379ACFAD1F441C4F002208FB /* StackViews.storyboard */,
				379ACFAB1F441B6E002208FB /* SizeClasses.storyboard */,
				379ACFA91F441AC9002208FB /* SizeClassesWithoutStackView.storyboard */,
				18C8CEEA1CFEBD140065F216 /* Web.storyboard */,
				18216E571CFE98CF007DBB60 /* Assets.xcassets */,
				18216E5C1CFE98CF007DBB60 /* Info.plist */,
				18C8CEEC1CFEDF620065F216 /* WhatNotToDo1.storyboard */,
				18C8CEEE1CFEDF6E0065F216 /* WhatNotToDo2.storyboard */,
				37D05E5B1F43E03D00A65369 /* WhatNotToDo3.storyboard */,
				37D05E5D1F43E8EE00A65369 /* WhatNotToDo3ViewController.swift */,
				18C8CEF01CFEED490065F216 /* PriorityExamples.storyboard */,
			);
			path = AutolayoutSampleApp;
			sourceTree = "<group>";
		};
/* End PBXGroup section */

/* Begin PBXNativeTarget section */
		18216E4A1CFE98CF007DBB60 /* AutolayoutSampleApp */ = {
			isa = PBXNativeTarget;
			buildConfigurationList = 18216E5F1CFE98CF007DBB60 /* Build configuration list for PBXNativeTarget "AutolayoutSampleApp" */;
			buildPhases = (
				18216E471CFE98CF007DBB60 /* Sources */,
				18216E481CFE98CF007DBB60 /* Frameworks */,
				18216E491CFE98CF007DBB60 /* Resources */,
			);
			buildRules = (
			);
			dependencies = (
			);
			name = AutolayoutSampleApp;
			productName = AutolayoutSampleApp;
			productReference = 18216E4B1CFE98CF007DBB60 /* AutolayoutSampleApp.app */;
			productType = "com.apple.product-type.application";
		};
/* End PBXNativeTarget section */

/* Begin PBXProject section */
		18216E431CFE98CF007DBB60 /* Project object */ = {
			isa = PBXProject;
			attributes = {
				LastSwiftUpdateCheck = 0730;
				LastUpgradeCheck = 0900;
				ORGANIZATIONNAME = "Client Resrouces Inc";
				TargetAttributes = {
					18216E4A1CFE98CF007DBB60 = {
						CreatedOnToolsVersion = 7.3.1;
						LastSwiftMigration = 0800;
					};
				};
			};
			buildConfigurationList = 18216E461CFE98CF007DBB60 /* Build configuration list for PBXProject "AutolayoutSampleApp" */;
			compatibilityVersion = "Xcode 3.2";
			developmentRegion = English;
			hasScannedForEncodings = 0;
			knownRegions = (
				en,
				Base,
			);
			mainGroup = 18216E421CFE98CF007DBB60;
			productRefGroup = 18216E4C1CFE98CF007DBB60 /* Products */;
			projectDirPath = "";
			projectRoot = "";
			targets = (
				18216E4A1CFE98CF007DBB60 /* AutolayoutSampleApp */,
			);
		};
/* End PBXProject section */

/* Begin PBXResourcesBuildPhase section */
		18216E491CFE98CF007DBB60 /* Resources */ = {
			isa = PBXResourcesBuildPhase;
			buildActionMask = 2147483647;
			files = (
				379ACFAC1F441B6E002208FB /* SizeClasses.storyboard in Resources */,
				18216E5B1CFE98CF007DBB60 /* LaunchScreen.storyboard in Resources */,
				18216E581CFE98CF007DBB60 /* Assets.xcassets in Resources */,
				379ACFAA1F441AC9002208FB /* SizeClassesWithoutStackView.storyboard in Resources */,
				18C8CEED1CFEDF620065F216 /* WhatNotToDo1.storyboard in Resources */,
				379ACFAE1F441C4F002208FB /* StackViews.storyboard in Resources */,
				18C8CEF11CFEED490065F216 /* PriorityExamples.storyboard in Resources */,
				37D05E5C1F43E03D00A65369 /* WhatNotToDo3.storyboard in Resources */,
				18216E561CFE98CF007DBB60 /* Main.storyboard in Resources */,
				18C8CEEB1CFEBD140065F216 /* Web.storyboard in Resources */,
				18C8CEEF1CFEDF6E0065F216 /* WhatNotToDo2.storyboard in Resources */,
			);
			runOnlyForDeploymentPostprocessing = 0;
		};
/* End PBXResourcesBuildPhase section */

/* Begin PBXSourcesBuildPhase section */
		18216E471CFE98CF007DBB60 /* Sources */ = {
			isa = PBXSourcesBuildPhase;
			buildActionMask = 2147483647;
			files = (
				37D05E5E1F43E8EE00A65369 /* WhatNotToDo3ViewController.swift in Sources */,
				18216E531CFE98CF007DBB60 /* SecondaryViewController.swift in Sources */,
				18216E4F1CFE98CF007DBB60 /* AppDelegate.swift in Sources */,
				18216E511CFE98CF007DBB60 /* FirstViewController.swift in Sources */,
			);
			runOnlyForDeploymentPostprocessing = 0;
		};
/* End PBXSourcesBuildPhase section */

/* Begin PBXVariantGroup section */
		18216E541CFE98CF007DBB60 /* Main.storyboard */ = {
			isa = PBXVariantGroup;
			children = (
				18216E551CFE98CF007DBB60 /* Base */,
			);
			name = Main.storyboard;
			sourceTree = "<group>";
		};
		18216E591CFE98CF007DBB60 /* LaunchScreen.storyboard */ = {
			isa = PBXVariantGroup;
			children = (
				18216E5A1CFE98CF007DBB60 /* Base */,
			);
			name = LaunchScreen.storyboard;
			sourceTree = "<group>";
		};
/* End PBXVariantGroup section */

/* Begin XCBuildConfiguration section */
		18216E5D1CFE98CF007DBB60 /* Debug */ = {
			isa = XCBuildConfiguration;
			buildSettings = {
				ALWAYS_SEARCH_USER_PATHS = NO;
				CLANG_ANALYZER_NONNULL = YES;
				CLANG_CXX_LANGUAGE_STANDARD = "gnu++0x";
				CLANG_CXX_LIBRARY = "libc++";
				CLANG_ENABLE_MODULES = YES;
				CLANG_ENABLE_OBJC_ARC = YES;
				CLANG_WARN_BLOCK_CAPTURE_AUTORELEASING = YES;
				CLANG_WARN_BOOL_CONVERSION = YES;
				CLANG_WARN_COMMA = YES;
				CLANG_WARN_CONSTANT_CONVERSION = YES;
				CLANG_WARN_DIRECT_OBJC_ISA_USAGE = YES_ERROR;
				CLANG_WARN_EMPTY_BODY = YES;
				CLANG_WARN_ENUM_CONVERSION = YES;
				CLANG_WARN_INFINITE_RECURSION = YES;
				CLANG_WARN_INT_CONVERSION = YES;
				CLANG_WARN_NON_LITERAL_NULL_CONVERSION = YES;
				CLANG_WARN_OBJC_LITERAL_CONVERSION = YES;
				CLANG_WARN_OBJC_ROOT_CLASS = YES_ERROR;
				CLANG_WARN_RANGE_LOOP_ANALYSIS = YES;
				CLANG_WARN_STRICT_PROTOTYPES = YES;
				CLANG_WARN_SUSPICIOUS_MOVE = YES;
				CLANG_WARN_UNREACHABLE_CODE = YES;
				CLANG_WARN__DUPLICATE_METHOD_MATCH = YES;
				"CODE_SIGN_IDENTITY[sdk=iphoneos*]" = "iPhone Developer";
				COPY_PHASE_STRIP = NO;
				DEBUG_INFORMATION_FORMAT = dwarf;
				ENABLE_STRICT_OBJC_MSGSEND = YES;
				ENABLE_TESTABILITY = YES;
				GCC_C_LANGUAGE_STANDARD = gnu99;
				GCC_DYNAMIC_NO_PIC = NO;
				GCC_NO_COMMON_BLOCKS = YES;
				GCC_OPTIMIZATION_LEVEL = 0;
				GCC_PREPROCESSOR_DEFINITIONS = (
					"DEBUG=1",
					"$(inherited)",
				);
				GCC_WARN_64_TO_32_BIT_CONVERSION = YES;
				GCC_WARN_ABOUT_RETURN_TYPE = YES_ERROR;
				GCC_WARN_UNDECLARED_SELECTOR = YES;
				GCC_WARN_UNINITIALIZED_AUTOS = YES_AGGRESSIVE;
				GCC_WARN_UNUSED_FUNCTION = YES;
				GCC_WARN_UNUSED_VARIABLE = YES;
				IPHONEOS_DEPLOYMENT_TARGET = 9.3;
				MTL_ENABLE_DEBUG_INFO = YES;
				ONLY_ACTIVE_ARCH = YES;
				SDKROOT = iphoneos;
				SWIFT_OPTIMIZATION_LEVEL = "-Onone";
				TARGETED_DEVICE_FAMILY = "1,2";
			};
			name = Debug;
		};
		18216E5E1CFE98CF007DBB60 /* Release */ = {
			isa = XCBuildConfiguration;
			buildSettings = {
				ALWAYS_SEARCH_USER_PATHS = NO;
				CLANG_ANALYZER_NONNULL = YES;
				CLANG_CXX_LANGUAGE_STANDARD = "gnu++0x";
				CLANG_CXX_LIBRARY = "libc++";
				CLANG_ENABLE_MODULES = YES;
				CLANG_ENABLE_OBJC_ARC = YES;
				CLANG_WARN_BLOCK_CAPTURE_AUTORELEASING = YES;
				CLANG_WARN_BOOL_CONVERSION = YES;
				CLANG_WARN_COMMA = YES;
				CLANG_WARN_CONSTANT_CONVERSION = YES;
				CLANG_WARN_DIRECT_OBJC_ISA_USAGE = YES_ERROR;
				CLANG_WARN_EMPTY_BODY = YES;
				CLANG_WARN_ENUM_CONVERSION = YES;
				CLANG_WARN_INFINITE_RECURSION = YES;
				CLANG_WARN_INT_CONVERSION = YES;
				CLANG_WARN_NON_LITERAL_NULL_CONVERSION = YES;
				CLANG_WARN_OBJC_LITERAL_CONVERSION = YES;
				CLANG_WARN_OBJC_ROOT_CLASS = YES_ERROR;
				CLANG_WARN_RANGE_LOOP_ANALYSIS = YES;
				CLANG_WARN_STRICT_PROTOTYPES = YES;
				CLANG_WARN_SUSPICIOUS_MOVE = YES;
				CLANG_WARN_UNREACHABLE_CODE = YES;
				CLANG_WARN__DUPLICATE_METHOD_MATCH = YES;
				"CODE_SIGN_IDENTITY[sdk=iphoneos*]" = "iPhone Developer";
				COPY_PHASE_STRIP = NO;
				DEBUG_INFORMATION_FORMAT = "dwarf-with-dsym";
				ENABLE_NS_ASSERTIONS = NO;
				ENABLE_STRICT_OBJC_MSGSEND = YES;
				GCC_C_LANGUAGE_STANDARD = gnu99;
				GCC_NO_COMMON_BLOCKS = YES;
				GCC_WARN_64_TO_32_BIT_CONVERSION = YES;
				GCC_WARN_ABOUT_RETURN_TYPE = YES_ERROR;
				GCC_WARN_UNDECLARED_SELECTOR = YES;
				GCC_WARN_UNINITIALIZED_AUTOS = YES_AGGRESSIVE;
				GCC_WARN_UNUSED_FUNCTION = YES;
				GCC_WARN_UNUSED_VARIABLE = YES;
				IPHONEOS_DEPLOYMENT_TARGET = 9.3;
				MTL_ENABLE_DEBUG_INFO = NO;
				SDKROOT = iphoneos;
				SWIFT_OPTIMIZATION_LEVEL = "-Owholemodule";
				TARGETED_DEVICE_FAMILY = "1,2";
				VALIDATE_PRODUCT = YES;
			};
			name = Release;
		};
		18216E601CFE98CF007DBB60 /* Debug */ = {
			isa = XCBuildConfiguration;
			buildSettings = {
				ASSETCATALOG_COMPILER_APPICON_NAME = AppIcon;
				INFOPLIST_FILE = AutolayoutSampleApp/Info.plist;
				LD_RUNPATH_SEARCH_PATHS = "$(inherited) @executable_path/Frameworks";
				PRODUCT_BUNDLE_IDENTIFIER = com.clientresourcesinc.AutolayoutSampleApp;
				PRODUCT_NAME = "$(TARGET_NAME)";
				SWIFT_VERSION = 3.0;
			};
			name = Debug;
		};
		18216E611CFE98CF007DBB60 /* Release */ = {
			isa = XCBuildConfiguration;
			buildSettings = {
				ASSETCATALOG_COMPILER_APPICON_NAME = AppIcon;
				INFOPLIST_FILE = AutolayoutSampleApp/Info.plist;
				LD_RUNPATH_SEARCH_PATHS = "$(inherited) @executable_path/Frameworks";
				PRODUCT_BUNDLE_IDENTIFIER = com.clientresourcesinc.AutolayoutSampleApp;
				PRODUCT_NAME = "$(TARGET_NAME)";
				SWIFT_VERSION = 3.0;
			};
			name = Release;
		};
/* End XCBuildConfiguration section */

/* Begin XCConfigurationList section */
		18216E461CFE98CF007DBB60 /* Build configuration list for PBXProject "AutolayoutSampleApp" */ = {
			isa = XCConfigurationList;
			buildConfigurations = (
				18216E5D1CFE98CF007DBB60 /* Debug */,
				18216E5E1CFE98CF007DBB60 /* Release */,
			);
			defaultConfigurationIsVisible = 0;
			defaultConfigurationName = Release;
		};
		18216E5F1CFE98CF007DBB60 /* Build configuration list for PBXNativeTarget "AutolayoutSampleApp" */ = {
			isa = XCConfigurationList;
			buildConfigurations = (
				18216E601CFE98CF007DBB60 /* Debug */,
				18216E611CFE98CF007DBB60 /* Release */,
			);
			defaultConfigurationIsVisible = 0;
			defaultConfigurationName = Release;
		};
/* End XCConfigurationList section */
	};
	rootObject = 18216E431CFE98CF007DBB60 /* Project object */;
}
